// !$*UTF8*$!
{
	archiveVersion = 1;
	classes = {
	};
	objectVersion = 50;
	objects = {

/* Begin PBXBuildFile section */
		7676A6ED22C8A71400EE08CF /* AppDelegate.swift in Sources */ = {isa = PBXBuildFile; fileRef = 7676A6EC22C8A71400EE08CF /* AppDelegate.swift */; };
		7676A6F422C8A71500EE08CF /* Assets.xcassets in Resources */ = {isa = PBXBuildFile; fileRef = 7676A6F322C8A71500EE08CF /* Assets.xcassets */; };
		7676A70222C8A7FA00EE08CF /* ControllerNC.swift in Sources */ = {isa = PBXBuildFile; fileRef = 7676A70122C8A7FA00EE08CF /* ControllerNC.swift */; };
		7676A70422C8A91F00EE08CF /* SlidingVC.swift in Sources */ = {isa = PBXBuildFile; fileRef = 7676A70322C8A91F00EE08CF /* SlidingVC.swift */; };
		7676A70822C8AC0100EE08CF /* NavigationButton.swift in Sources */ = {isa = PBXBuildFile; fileRef = 7676A70722C8AC0100EE08CF /* NavigationButton.swift */; };
		7676A70A22C8C4E400EE08CF /* NavigationVC.swift in Sources */ = {isa = PBXBuildFile; fileRef = 7676A70922C8C4E400EE08CF /* NavigationVC.swift */; };
		7676A70F22C8C9A200EE08CF /* Protocols.swift in Sources */ = {isa = PBXBuildFile; fileRef = 7676A70E22C8C9A200EE08CF /* Protocols.swift */; };
/* End PBXBuildFile section */

/* Begin PBXFileReference section */
		7676A6E922C8A71400EE08CF /* navbarIV.app */ = {isa = PBXFileReference; explicitFileType = wrapper.application; includeInIndex = 0; path = navbarIV.app; sourceTree = BUILT_PRODUCTS_DIR; };
		7676A6EC22C8A71400EE08CF /* AppDelegate.swift */ = {isa = PBXFileReference; lastKnownFileType = sourcecode.swift; path = AppDelegate.swift; sourceTree = "<group>"; };
		7676A6F322C8A71500EE08CF /* Assets.xcassets */ = {isa = PBXFileReference; lastKnownFileType = folder.assetcatalog; path = Assets.xcassets; sourceTree = "<group>"; };
		7676A6F822C8A71500EE08CF /* Info.plist */ = {isa = PBXFileReference; lastKnownFileType = text.plist.xml; path = Info.plist; sourceTree = "<group>"; };
		7676A70122C8A7FA00EE08CF /* ControllerNC.swift */ = {isa = PBXFileReference; lastKnownFileType = sourcecode.swift; path = ControllerNC.swift; sourceTree = "<group>"; };
		7676A70322C8A91F00EE08CF /* SlidingVC.swift */ = {isa = PBXFileReference; lastKnownFileType = sourcecode.swift; path = SlidingVC.swift; sourceTree = "<group>"; };
		7676A70722C8AC0100EE08CF /* NavigationButton.swift */ = {isa = PBXFileReference; lastKnownFileType = sourcecode.swift; path = NavigationButton.swift; sourceTree = "<group>"; };
		7676A70922C8C4E400EE08CF /* NavigationVC.swift */ = {isa = PBXFileReference; lastKnownFileType = sourcecode.swift; path = NavigationVC.swift; sourceTree = "<group>"; };
		7676A70E22C8C9A200EE08CF /* Protocols.swift */ = {isa = PBXFileReference; lastKnownFileType = sourcecode.swift; path = Protocols.swift; sourceTree = "<group>"; };
/* End PBXFileReference section */

/* Begin PBXFrameworksBuildPhase section */
		7676A6E622C8A71400EE08CF /* Frameworks */ = {
			isa = PBXFrameworksBuildPhase;
			buildActionMask = 2147483647;
			files = (
			);
			runOnlyForDeploymentPostprocessing = 0;
		};
/* End PBXFrameworksBuildPhase section */

/* Begin PBXGroup section */
		7676A6E022C8A71400EE08CF = {
			isa = PBXGroup;
			children = (
				7676A6EB22C8A71400EE08CF /* navbarIV */,
				7676A6EA22C8A71400EE08CF /* Products */,
			);
			sourceTree = "<group>";
		};
		7676A6EA22C8A71400EE08CF /* Products */ = {
			isa = PBXGroup;
			children = (
				7676A6E922C8A71400EE08CF /* navbarIV.app */,
			);
			name = Products;
			sourceTree = "<group>";
		};
		7676A6EB22C8A71400EE08CF /* navbarIV */ = {
			isa = PBXGroup;
			children = (
				7676A70B22C8C94300EE08CF /* Protocols */,
				7676A70022C8A79400EE08CF /* Model */,
				7676A6FF22C8A79000EE08CF /* View */,
				7676A6FE22C8A78400EE08CF /* Controller */,
				7676A6EC22C8A71400EE08CF /* AppDelegate.swift */,
				7676A6F322C8A71500EE08CF /* Assets.xcassets */,
				7676A6F822C8A71500EE08CF /* Info.plist */,
			);
			path = navbarIV;
			sourceTree = "<group>";
		};
		7676A6FE22C8A78400EE08CF /* Controller */ = {
			isa = PBXGroup;
			children = (
				7676A70122C8A7FA00EE08CF /* ControllerNC.swift */,
				7676A70322C8A91F00EE08CF /* SlidingVC.swift */,
				7676A70722C8AC0100EE08CF /* NavigationButton.swift */,
				7676A70922C8C4E400EE08CF /* NavigationVC.swift */,
			);
			path = Controller;
			sourceTree = "<group>";
		};
		7676A6FF22C8A79000EE08CF /* View */ = {
			isa = PBXGroup;
			children = (
			);
			path = View;
			sourceTree = "<group>";
		};
		7676A70022C8A79400EE08CF /* Model */ = {
			isa = PBXGroup;
			children = (
			);
			path = Model;
			sourceTree = "<group>";
		};
		7676A70B22C8C94300EE08CF /* Protocols */ = {
			isa = PBXGroup;
			children = (
				7676A70E22C8C9A200EE08CF /* Protocols.swift */,
			);
			path = Protocols;
			sourceTree = "<group>";
		};
/* End PBXGroup section */

/* Begin PBXNativeTarget section */
		7676A6E822C8A71400EE08CF /* navbarIV */ = {
			isa = PBXNativeTarget;
			buildConfigurationList = 7676A6FB22C8A71500EE08CF /* Build configuration list for PBXNativeTarget "navbarIV" */;
			buildPhases = (
				7676A6E522C8A71400EE08CF /* Sources */,
				7676A6E622C8A71400EE08CF /* Frameworks */,
				7676A6E722C8A71400EE08CF /* Resources */,
			);
			buildRules = (
			);
			dependencies = (
			);
			name = navbarIV;
			productName = navbarIV;
			productReference = 7676A6E922C8A71400EE08CF /* navbarIV.app */;
			productType = "com.apple.product-type.application";
		};
/* End PBXNativeTarget section */

/* Begin PBXProject section */
		7676A6E122C8A71400EE08CF /* Project object */ = {
			isa = PBXProject;
			attributes = {
				LastSwiftUpdateCheck = 1020;
				LastUpgradeCheck = 1020;
				ORGANIZATIONNAME = "marek holik";
				TargetAttributes = {
					7676A6E822C8A71400EE08CF = {
						CreatedOnToolsVersion = 10.2.1;
					};
				};
			};
			buildConfigurationList = 7676A6E422C8A71400EE08CF /* Build configuration list for PBXProject "navbarIV" */;
			compatibilityVersion = "Xcode 9.3";
			developmentRegion = en;
			hasScannedForEncodings = 0;
			knownRegions = (
				en,
				Base,
			);
			mainGroup = 7676A6E022C8A71400EE08CF;
			productRefGroup = 7676A6EA22C8A71400EE08CF /* Products */;
			projectDirPath = "";
			projectRoot = "";
			targets = (
				7676A6E822C8A71400EE08CF /* navbarIV */,
			);
		};
/* End PBXProject section */

/* Begin PBXResourcesBuildPhase section */
		7676A6E722C8A71400EE08CF /* Resources */ = {
			isa = PBXResourcesBuildPhase;
			buildActionMask = 2147483647;
			files = (
				7676A6F422C8A71500EE08CF /* Assets.xcassets in Resources */,
			);
			runOnlyForDeploymentPostprocessing = 0;
		};
/* End PBXResourcesBuildPhase section */

/* Begin PBXSourcesBuildPhase section */
		7676A6E522C8A71400EE08CF /* Sources */ = {
			isa = PBXSourcesBuildPhase;
			buildActionMask = 2147483647;
			files = (
				7676A70222C8A7FA00EE08CF /* ControllerNC.swift in Sources */,
				7676A70422C8A91F00EE08CF /* SlidingVC.swift in Sources */,
				7676A70822C8AC0100EE08CF /* NavigationButton.swift in Sources */,
				7676A70F22C8C9A200EE08CF /* Protocols.swift in Sources */,
				7676A6ED22C8A71400EE08CF /* AppDelegate.swift in Sources */,
				7676A70A22C8C4E400EE08CF /* NavigationVC.swift in Sources */,
			);
			runOnlyForDeploymentPostprocessing = 0;
		};
/* End PBXSourcesBuildPhase section */

/* Begin XCBuildConfiguration section */
		7676A6F922C8A71500EE08CF /* Debug */ = {
			isa = XCBuildConfiguration;
			buildSettings = {
				ALWAYS_SEARCH_USER_PATHS = NO;
				CLANG_ANALYZER_NONNULL = YES;
				CLANG_ANALYZER_NUMBER_OBJECT_CONVERSION = YES_AGGRESSIVE;
				CLANG_CXX_LANGUAGE_STANDARD = "gnu++14";
				CLANG_CXX_LIBRARY = "libc++";
				CLANG_ENABLE_MODULES = YES;
				CLANG_ENABLE_OBJC_ARC = YES;
				CLANG_ENABLE_OBJC_WEAK = YES;
				CLANG_WARN_BLOCK_CAPTURE_AUTORELEASING = YES;
				CLANG_WARN_BOOL_CONVERSION = YES;
				CLANG_WARN_COMMA = YES;
				CLANG_WARN_CONSTANT_CONVERSION = YES;
				CLANG_WARN_DEPRECATED_OBJC_IMPLEMENTATIONS = YES;
				CLANG_WARN_DIRECT_OBJC_ISA_USAGE = YES_ERROR;
				CLANG_WARN_DOCUMENTATION_COMMENTS = YES;
				CLANG_WARN_EMPTY_BODY = YES;
				CLANG_WARN_ENUM_CONVERSION = YES;
				CLANG_WARN_INFINITE_RECURSION = YES;
				CLANG_WARN_INT_CONVERSION = YES;
				CLANG_WARN_NON_LITERAL_NULL_CONVERSION = YES;
				CLANG_WARN_OBJC_IMPLICIT_RETAIN_SELF = YES;
				CLANG_WARN_OBJC_LITERAL_CONVERSION = YES;
				CLANG_WARN_OBJC_ROOT_CLASS = YES_ERROR;
				CLANG_WARN_RANGE_LOOP_ANALYSIS = YES;
				CLANG_WARN_STRICT_PROTOTYPES = YES;
				CLANG_WARN_SUSPICIOUS_MOVE = YES;
				CLANG_WARN_UNGUARDED_AVAILABILITY = YES_AGGRESSIVE;
				CLANG_WARN_UNREACHABLE_CODE = YES;
				CLANG_WARN__DUPLICATE_METHOD_MATCH = YES;
				CODE_SIGN_IDENTITY = "iPhone Developer";
				COPY_PHASE_STRIP = NO;
				DEBUG_INFORMATION_FORMAT = dwarf;
				ENABLE_STRICT_OBJC_MSGSEND = YES;
				ENABLE_TESTABILITY = YES;
				GCC_C_LANGUAGE_STANDARD = gnu11;
				GCC_DYNAMIC_NO_PIC = NO;
				GCC_NO_COMMON_BLOCKS = YES;
				GCC_OPTIMIZATION_LEVEL = 0;
				GCC_PREPROCESSOR_DEFINITIONS = (
					"DEBUG=1",
					"$(inherited)",
				);
				GCC_WARN_64_TO_32_BIT_CONVERSION = YES;
				GCC_WARN_ABOUT_RETURN_TYPE = YES_ERROR;
				GCC_WARN_UNDECLARED_SELECTOR = YES;
				GCC_WARN_UNINITIALIZED_AUTOS = YES_AGGRESSIVE;
				GCC_WARN_UNUSED_FUNCTION = YES;
				GCC_WARN_UNUSED_VARIABLE = YES;
				IPHONEOS_DEPLOYMENT_TARGET = 12.2;
				MTL_ENABLE_DEBUG_INFO = INCLUDE_SOURCE;
				MTL_FAST_MATH = YES;
				ONLY_ACTIVE_ARCH = YES;
				SDKROOT = iphoneos;
				SWIFT_ACTIVE_COMPILATION_CONDITIONS = DEBUG;
				SWIFT_OPTIMIZATION_LEVEL = "-Onone";
			};
			name = Debug;
		};
		7676A6FA22C8A71500EE08CF /* Release */ = {
			isa = XCBuildConfiguration;
			buildSettings = {
				ALWAYS_SEARCH_USER_PATHS = NO;
				CLANG_ANALYZER_NONNULL = YES;
				CLANG_ANALYZER_NUMBER_OBJECT_CONVERSION = YES_AGGRESSIVE;
				CLANG_CXX_LANGUAGE_STANDARD = "gnu++14";
				CLANG_CXX_LIBRARY = "libc++";
				CLANG_ENABLE_MODULES = YES;
				CLANG_ENABLE_OBJC_ARC = YES;
				CLANG_ENABLE_OBJC_WEAK = YES;
				CLANG_WARN_BLOCK_CAPTURE_AUTORELEASING = YES;
				CLANG_WARN_BOOL_CONVERSION = YES;
				CLANG_WARN_COMMA = YES;
				CLANG_WARN_CONSTANT_CONVERSION = YES;
				CLANG_WARN_DEPRECATED_OBJC_IMPLEMENTATIONS = YES;
				CLANG_WARN_DIRECT_OBJC_ISA_USAGE = YES_ERROR;
				CLANG_WARN_DOCUMENTATION_COMMENTS = YES;
				CLANG_WARN_EMPTY_BODY = YES;
				CLANG_WARN_ENUM_CONVERSION = YES;
				CLANG_WARN_INFINITE_RECURSION = YES;
				CLANG_WARN_INT_CONVERSION = YES;
				CLANG_WARN_NON_LITERAL_NULL_CONVERSION = YES;
				CLANG_WARN_OBJC_IMPLICIT_RETAIN_SELF = YES;
				CLANG_WARN_OBJC_LITERAL_CONVERSION = YES;
				CLANG_WARN_OBJC_ROOT_CLASS = YES_ERROR;
				CLANG_WARN_RANGE_LOOP_ANALYSIS = YES;
				CLANG_WARN_STRICT_PROTOTYPES = YES;
				CLANG_WARN_SUSPICIOUS_MOVE = YES;
				CLANG_WARN_UNGUARDED_AVAILABILITY = YES_AGGRESSIVE;
				CLANG_WARN_UNREACHABLE_CODE = YES;
				CLANG_WARN__DUPLICATE_METHOD_MATCH = YES;
				CODE_SIGN_IDENTITY = "iPhone Developer";
				COPY_PHASE_STRIP = NO;
				DEBUG_INFORMATION_FORMAT = "dwarf-with-dsym";
				ENABLE_NS_ASSERTIONS = NO;
				ENABLE_STRICT_OBJC_MSGSEND = YES;
				GCC_C_LANGUAGE_STANDARD = gnu11;
				GCC_NO_COMMON_BLOCKS = YES;
				GCC_WARN_64_TO_32_BIT_CONVERSION = YES;
				GCC_WARN_ABOUT_RETURN_TYPE = YES_ERROR;
				GCC_WARN_UNDECLARED_SELECTOR = YES;
				GCC_WARN_UNINITIALIZED_AUTOS = YES_AGGRESSIVE;
				GCC_WARN_UNUSED_FUNCTION = YES;
				GCC_WARN_UNUSED_VARIABLE = YES;
				IPHONEOS_DEPLOYMENT_TARGET = 12.2;
				MTL_ENABLE_DEBUG_INFO = NO;
				MTL_FAST_MATH = YES;
				SDKROOT = iphoneos;
				SWIFT_COMPILATION_MODE = wholemodule;
				SWIFT_OPTIMIZATION_LEVEL = "-O";
				VALIDATE_PRODUCT = YES;
			};
			name = Release;
		};
		7676A6FC22C8A71500EE08CF /* Debug */ = {
			isa = XCBuildConfiguration;
			buildSettings = {
				ASSETCATALOG_COMPILER_APPICON_NAME = AppIcon;
				CODE_SIGN_STYLE = Automatic;
				DEVELOPMENT_TEAM = 3ZFAQ7RH7M;
				INFOPLIST_FILE = navbarIV/Info.plist;
				LD_RUNPATH_SEARCH_PATHS = (
					"$(inherited)",
					"@executable_path/Frameworks",
				);
				PRODUCT_BUNDLE_IDENTIFIER = com.marekHolik.navbarIV;
				PRODUCT_NAME = "$(TARGET_NAME)";
				SWIFT_VERSION = 5.0;
				TARGETED_DEVICE_FAMILY = "1,2";
			};
			name = Debug;
		};
		7676A6FD22C8A71500EE08CF /* Release */ = {
			isa = XCBuildConfiguration;
			buildSettings = {
				ASSETCATALOG_COMPILER_APPICON_NAME = AppIcon;
				CODE_SIGN_STYLE = Automatic;
				DEVELOPMENT_TEAM = 3ZFAQ7RH7M;
				INFOPLIST_FILE = navbarIV/Info.plist;
				LD_RUNPATH_SEARCH_PATHS = (
					"$(inherited)",
					"@executable_path/Frameworks",
				);
				PRODUCT_BUNDLE_IDENTIFIER = com.marekHolik.navbarIV;
				PRODUCT_NAME = "$(TARGET_NAME)";
				SWIFT_VERSION = 5.0;
				TARGETED_DEVICE_FAMILY = "1,2";
			};
			name = Release;
		};
/* End XCBuildConfiguration section */

/* Begin XCConfigurationList section */
		7676A6E422C8A71400EE08CF /* Build configuration list for PBXProject "navbarIV" */ = {
			isa = XCConfigurationList;
			buildConfigurations = (
				7676A6F922C8A71500EE08CF /* Debug */,
				7676A6FA22C8A71500EE08CF /* Release */,
			);
			defaultConfigurationIsVisible = 0;
			defaultConfigurationName = Release;
		};
		7676A6FB22C8A71500EE08CF /* Build configuration list for PBXNativeTarget "navbarIV" */ = {
			isa = XCConfigurationList;
			buildConfigurations = (
				7676A6FC22C8A71500EE08CF /* Debug */,
				7676A6FD22C8A71500EE08CF /* Release */,
			);
			defaultConfigurationIsVisible = 0;
			defaultConfigurationName = Release;
		};
/* End XCConfigurationList section */
	};
	rootObject = 7676A6E122C8A71400EE08CF /* Project object */;
}
